
Microsoft Visual Studio Solution File, Format Version 12.00
# Visual Studio Version 17
VisualStudioVersion = 17.5.002.0
MinimumVisualStudioVersion = 10.0.40219.1
Project("{9A19103F-16F7-4668-BE54-9A1E7A4F7556}") = "DesafioPOO", "DesafioPOO.csproj", "{2046104C-D47E-4A77-BEEC-F33634D8FE7D}"
EndProject
Global
	GlobalSection(SolutionConfigurationPlatforms) = preSolution
		Debug|Any CPU = Debug|Any CPU
		Release|Any CPU = Release|Any CPU
	EndGlobalSection
	GlobalSection(ProjectConfigurationPlatforms) = postSolution
		{2046104C-D47E-4A77-BEEC-F33634D8FE7D}.Debug|Any CPU.ActiveCfg = Debug|Any CPU
		{2046104C-D47E-4A77-BEEC-F33634D8FE7D}.Debug|Any CPU.Build.0 = Debug|Any CPU
		{2046104C-D47E-4A77-BEEC-F33634D8FE7D}.Release|Any CPU.ActiveCfg = Release|Any CPU
		{2046104C-D47E-4A77-BEEC-F33634D8FE7D}.Release|Any CPU.Build.0 = Release|Any CPU
	EndGlobalSection
	GlobalSection(SolutionProperties) = preSolution
		HideSolutionNode = FALSE
	EndGlobalSection
	GlobalSection(ExtensibilityGlobals) = postSolution
		SolutionGuid = {8E904F04-DD08-4427-AFE0-A199B5AD81A8}
	EndGlobalSection
EndGlobal
